
Microsoft Visual Studio Solution File, Format Version 12.00
# Visual Studio Version 17
VisualStudioVersion = 17.0.32126.317
MinimumVisualStudioVersion = 10.0.40219.1
Project("{FAE04EC0-301F-11D3-BF4B-00C04F79EFBC}") = "PersAccounting", "PersAccounting\PersAccounting.csproj", "{31C735EC-F66A-45EC-85AF-C5A48222BCEE}"
EndProject
Global
	GlobalSection(SolutionConfigurationPlatforms) = preSolution
		Debug|Any CPU = Debug|Any CPU
		Release|Any CPU = Release|Any CPU
	EndGlobalSection
	GlobalSection(ProjectConfigurationPlatforms) = postSolution
		{31C735EC-F66A-45EC-85AF-C5A48222BCEE}.Debug|Any CPU.ActiveCfg = Debug|Any CPU
		{31C735EC-F66A-45EC-85AF-C5A48222BCEE}.Debug|Any CPU.Build.0 = Debug|Any CPU
		{31C735EC-F66A-45EC-85AF-C5A48222BCEE}.Release|Any CPU.ActiveCfg = Release|Any CPU
		{31C735EC-F66A-45EC-85AF-C5A48222BCEE}.Release|Any CPU.Build.0 = Release|Any CPU
	EndGlobalSection
	GlobalSection(SolutionProperties) = preSolution
		HideSolutionNode = FALSE
	EndGlobalSection
	GlobalSection(ExtensibilityGlobals) = postSolution
		SolutionGuid = {4E9595F3-D673-41C6-98C4-D1302C4914D2}
	EndGlobalSection
EndGlobal
